
Microsoft Visual Studio Solution File, Format Version 12.00
# Visual Studio Version 17
VisualStudioVersion = 17.8.34330.188
MinimumVisualStudioVersion = 10.0.40219.1
Project("{9A19103F-16F7-4668-BE54-9A1E7A4F7556}") = "RobotInterface", "RobotInterface.csproj", "{E8AD86E7-B025-4938-A426-61AF1039E013}"
EndProject
Project("{9A19103F-16F7-4668-BE54-9A1E7A4F7556}") = "ExtendedSerialPort", "..\ExtendedSerialPort .NET6\ExtendedSerialPort\ExtendedSerialPort\ExtendedSerialPort.csproj", "{35AF6D65-02E0-4C81-9933-599A3B2117DD}"
EndProject
Global
	GlobalSection(SolutionConfigurationPlatforms) = preSolution
		Debug|Any CPU = Debug|Any CPU
		Debug|x64 = Debug|x64
		Release|Any CPU = Release|Any CPU
		Release|x64 = Release|x64
	EndGlobalSection
	GlobalSection(ProjectConfigurationPlatforms) = postSolution
		{E8AD86E7-B025-4938-A426-61AF1039E013}.Debug|Any CPU.ActiveCfg = Debug|Any CPU
		{E8AD86E7-B025-4938-A426-61AF1039E013}.Debug|Any CPU.Build.0 = Debug|Any CPU
		{E8AD86E7-B025-4938-A426-61AF1039E013}.Debug|x64.ActiveCfg = Debug|Any CPU
		{E8AD86E7-B025-4938-A426-61AF1039E013}.Debug|x64.Build.0 = Debug|Any CPU
		{E8AD86E7-B025-4938-A426-61AF1039E013}.Release|Any CPU.ActiveCfg = Release|Any CPU
		{E8AD86E7-B025-4938-A426-61AF1039E013}.Release|Any CPU.Build.0 = Release|Any CPU
		{E8AD86E7-B025-4938-A426-61AF1039E013}.Release|x64.ActiveCfg = Release|Any CPU
		{E8AD86E7-B025-4938-A426-61AF1039E013}.Release|x64.Build.0 = Release|Any CPU
		{35AF6D65-02E0-4C81-9933-599A3B2117DD}.Debug|Any CPU.ActiveCfg = Debug|Any CPU
		{35AF6D65-02E0-4C81-9933-599A3B2117DD}.Debug|Any CPU.Build.0 = Debug|Any CPU
		{35AF6D65-02E0-4C81-9933-599A3B2117DD}.Debug|x64.ActiveCfg = Debug|Any CPU
		{35AF6D65-02E0-4C81-9933-599A3B2117DD}.Debug|x64.Build.0 = Debug|Any CPU
		{35AF6D65-02E0-4C81-9933-599A3B2117DD}.Release|Any CPU.ActiveCfg = Release|Any CPU
		{35AF6D65-02E0-4C81-9933-599A3B2117DD}.Release|Any CPU.Build.0 = Release|Any CPU
		{35AF6D65-02E0-4C81-9933-599A3B2117DD}.Release|x64.ActiveCfg = Release|Any CPU
		{35AF6D65-02E0-4C81-9933-599A3B2117DD}.Release|x64.Build.0 = Release|Any CPU
	EndGlobalSection
	GlobalSection(SolutionProperties) = preSolution
		HideSolutionNode = FALSE
	EndGlobalSection
	GlobalSection(ExtensibilityGlobals) = postSolution
		SolutionGuid = {0384B58A-F7A9-458E-9D42-C84B5A6B5A7E}
	EndGlobalSection
EndGlobal
